
Microsoft Visual Studio Solution File, Format Version 12.00
# Visual Studio Version 16
VisualStudioVersion = 16.0.29209.62
MinimumVisualStudioVersion = 10.0.40219.1
Project("{888888A0-9F3D-457C-B088-3A5042F75D52}") = "PerceptronORGate", "PerceptronORGate.pyproj", "{79F8489E-0F9E-4F0B-BA95-B39D56605CDC}"
EndProject
Global
	GlobalSection(SolutionConfigurationPlatforms) = preSolution
		Debug|Any CPU = Debug|Any CPU
		Release|Any CPU = Release|Any CPU
	EndGlobalSection
	GlobalSection(ProjectConfigurationPlatforms) = postSolution
		{79F8489E-0F9E-4F0B-BA95-B39D56605CDC}.Debug|Any CPU.ActiveCfg = Debug|Any CPU
		{79F8489E-0F9E-4F0B-BA95-B39D56605CDC}.Release|Any CPU.ActiveCfg = Release|Any CPU
	EndGlobalSection
	GlobalSection(SolutionProperties) = preSolution
		HideSolutionNode = FALSE
	EndGlobalSection
	GlobalSection(ExtensibilityGlobals) = postSolution
		SolutionGuid = {CE5C3BB5-3BC8-4E9E-866E-150563170304}
	EndGlobalSection
EndGlobal
